
Microsoft Visual Studio Solution File, Format Version 12.00
# Visual Studio Version 16
VisualStudioVersion = 16.0.30204.135
MinimumVisualStudioVersion = 15.0.26124.0
Project("{2150E333-8FDC-42A3-9474-1A3956D46DE8}") = "src", "src", "{BE1006E7-37A6-4AD7-B0B5-1A23D6499ADA}"
EndProject
Project("{9A19103F-16F7-4668-BE54-9A1E7A4F7556}") = "IdentityServer", "src\IdentityServer\IdentityServer.csproj", "{47331E06-0AE8-4346-A5F7-3CC2C28FE2A2}"
EndProject
Project("{9A19103F-16F7-4668-BE54-9A1E7A4F7556}") = "Api", "src\Api\Api.csproj", "{18996F76-29A9-4788-828A-EFDF4085E7FA}"
EndProject
Project("{9A19103F-16F7-4668-BE54-9A1E7A4F7556}") = "Client", "src\Client\Client.csproj", "{5CD8F5FC-DD61-4E72-B3AC-A5E07964443F}"
EndProject
Project("{FAE04EC0-301F-11D3-BF4B-00C04F79EFBC}") = "AuthApi", "src\AuthApi\AuthApi.csproj", "{8F55E1F1-51B7-4A3E-B6CB-F1E55E1F36E3}"
EndProject
Global
	GlobalSection(SolutionConfigurationPlatforms) = preSolution
		Debug|Any CPU = Debug|Any CPU
		Debug|x64 = Debug|x64
		Debug|x86 = Debug|x86
		Release|Any CPU = Release|Any CPU
		Release|x64 = Release|x64
		Release|x86 = Release|x86
	EndGlobalSection
	GlobalSection(ProjectConfigurationPlatforms) = postSolution
		{47331E06-0AE8-4346-A5F7-3CC2C28FE2A2}.Debug|Any CPU.ActiveCfg = Debug|Any CPU
		{47331E06-0AE8-4346-A5F7-3CC2C28FE2A2}.Debug|Any CPU.Build.0 = Debug|Any CPU
		{47331E06-0AE8-4346-A5F7-3CC2C28FE2A2}.Debug|x64.ActiveCfg = Debug|Any CPU
		{47331E06-0AE8-4346-A5F7-3CC2C28FE2A2}.Debug|x64.Build.0 = Debug|Any CPU
		{47331E06-0AE8-4346-A5F7-3CC2C28FE2A2}.Debug|x86.ActiveCfg = Debug|Any CPU
		{47331E06-0AE8-4346-A5F7-3CC2C28FE2A2}.Debug|x86.Build.0 = Debug|Any CPU
		{47331E06-0AE8-4346-A5F7-3CC2C28FE2A2}.Release|Any CPU.ActiveCfg = Release|Any CPU
		{47331E06-0AE8-4346-A5F7-3CC2C28FE2A2}.Release|Any CPU.Build.0 = Release|Any CPU
		{47331E06-0AE8-4346-A5F7-3CC2C28FE2A2}.Release|x64.ActiveCfg = Release|Any CPU
		{47331E06-0AE8-4346-A5F7-3CC2C28FE2A2}.Release|x64.Build.0 = Release|Any CPU
		{47331E06-0AE8-4346-A5F7-3CC2C28FE2A2}.Release|x86.ActiveCfg = Release|Any CPU
		{47331E06-0AE8-4346-A5F7-3CC2C28FE2A2}.Release|x86.Build.0 = Release|Any CPU
		{18996F76-29A9-4788-828A-EFDF4085E7FA}.Debug|Any CPU.ActiveCfg = Debug|Any CPU
		{18996F76-29A9-4788-828A-EFDF4085E7FA}.Debug|Any CPU.Build.0 = Debug|Any CPU
		{18996F76-29A9-4788-828A-EFDF4085E7FA}.Debug|x64.ActiveCfg = Debug|Any CPU
		{18996F76-29A9-4788-828A-EFDF4085E7FA}.Debug|x64.Build.0 = Debug|Any CPU
		{18996F76-29A9-4788-828A-EFDF4085E7FA}.Debug|x86.ActiveCfg = Debug|Any CPU
		{18996F76-29A9-4788-828A-EFDF4085E7FA}.Debug|x86.Build.0 = Debug|Any CPU
		{18996F76-29A9-4788-828A-EFDF4085E7FA}.Release|Any CPU.ActiveCfg = Release|Any CPU
		{18996F76-29A9-4788-828A-EFDF4085E7FA}.Release|Any CPU.Build.0 = Release|Any CPU
		{18996F76-29A9-4788-828A-EFDF4085E7FA}.Release|x64.ActiveCfg = Release|Any CPU
		{18996F76-29A9-4788-828A-EFDF4085E7FA}.Release|x64.Build.0 = Release|Any CPU
		{18996F76-29A9-4788-828A-EFDF4085E7FA}.Release|x86.ActiveCfg = Release|Any CPU
		{18996F76-29A9-4788-828A-EFDF4085E7FA}.Release|x86.Build.0 = Release|Any CPU
		{5CD8F5FC-DD61-4E72-B3AC-A5E07964443F}.Debug|Any CPU.ActiveCfg = Debug|Any CPU
		{5CD8F5FC-DD61-4E72-B3AC-A5E07964443F}.Debug|Any CPU.Build.0 = Debug|Any CPU
		{5CD8F5FC-DD61-4E72-B3AC-A5E07964443F}.Debug|x64.ActiveCfg = Debug|Any CPU
		{5CD8F5FC-DD61-4E72-B3AC-A5E07964443F}.Debug|x64.Build.0 = Debug|Any CPU
		{5CD8F5FC-DD61-4E72-B3AC-A5E07964443F}.Debug|x86.ActiveCfg = Debug|Any CPU
		{5CD8F5FC-DD61-4E72-B3AC-A5E07964443F}.Debug|x86.Build.0 = Debug|Any CPU
		{5CD8F5FC-DD61-4E72-B3AC-A5E07964443F}.Release|Any CPU.ActiveCfg = Release|Any CPU
		{5CD8F5FC-DD61-4E72-B3AC-A5E07964443F}.Release|Any CPU.Build.0 = Release|Any CPU
		{5CD8F5FC-DD61-4E72-B3AC-A5E07964443F}.Release|x64.ActiveCfg = Release|Any CPU
		{5CD8F5FC-DD61-4E72-B3AC-A5E07964443F}.Release|x64.Build.0 = Release|Any CPU
		{5CD8F5FC-DD61-4E72-B3AC-A5E07964443F}.Release|x86.ActiveCfg = Release|Any CPU
		{5CD8F5FC-DD61-4E72-B3AC-A5E07964443F}.Release|x86.Build.0 = Release|Any CPU
		{8F55E1F1-51B7-4A3E-B6CB-F1E55E1F36E3}.Debug|Any CPU.ActiveCfg = Debug|Any CPU
		{8F55E1F1-51B7-4A3E-B6CB-F1E55E1F36E3}.Debug|Any CPU.Build.0 = Debug|Any CPU
		{8F55E1F1-51B7-4A3E-B6CB-F1E55E1F36E3}.Debug|x64.ActiveCfg = Debug|Any CPU
		{8F55E1F1-51B7-4A3E-B6CB-F1E55E1F36E3}.Debug|x64.Build.0 = Debug|Any CPU
		{8F55E1F1-51B7-4A3E-B6CB-F1E55E1F36E3}.Debug|x86.ActiveCfg = Debug|Any CPU
		{8F55E1F1-51B7-4A3E-B6CB-F1E55E1F36E3}.Debug|x86.Build.0 = Debug|Any CPU
		{8F55E1F1-51B7-4A3E-B6CB-F1E55E1F36E3}.Release|Any CPU.ActiveCfg = Release|Any CPU
		{8F55E1F1-51B7-4A3E-B6CB-F1E55E1F36E3}.Release|Any CPU.Build.0 = Release|Any CPU
		{8F55E1F1-51B7-4A3E-B6CB-F1E55E1F36E3}.Release|x64.ActiveCfg = Release|Any CPU
		{8F55E1F1-51B7-4A3E-B6CB-F1E55E1F36E3}.Release|x64.Build.0 = Release|Any CPU
		{8F55E1F1-51B7-4A3E-B6CB-F1E55E1F36E3}.Release|x86.ActiveCfg = Release|Any CPU
		{8F55E1F1-51B7-4A3E-B6CB-F1E55E1F36E3}.Release|x86.Build.0 = Release|Any CPU
	EndGlobalSection
	GlobalSection(SolutionProperties) = preSolution
		HideSolutionNode = FALSE
	EndGlobalSection
	GlobalSection(NestedProjects) = preSolution
		{47331E06-0AE8-4346-A5F7-3CC2C28FE2A2} = {BE1006E7-37A6-4AD7-B0B5-1A23D6499ADA}
		{18996F76-29A9-4788-828A-EFDF4085E7FA} = {BE1006E7-37A6-4AD7-B0B5-1A23D6499ADA}
		{5CD8F5FC-DD61-4E72-B3AC-A5E07964443F} = {BE1006E7-37A6-4AD7-B0B5-1A23D6499ADA}
		{8F55E1F1-51B7-4A3E-B6CB-F1E55E1F36E3} = {BE1006E7-37A6-4AD7-B0B5-1A23D6499ADA}
	EndGlobalSection
	GlobalSection(ExtensibilityGlobals) = postSolution
		SolutionGuid = {83FA16DB-3243-47F5-8145-CAD15F03B84D}
	EndGlobalSection
EndGlobal
